
Microsoft Visual Studio Solution File, Format Version 12.00
# Visual Studio Version 17
VisualStudioVersion = 17.9.34607.119
MinimumVisualStudioVersion = 10.0.40219.1
Project("{FAE04EC0-301F-11D3-BF4B-00C04F79EFBC}") = "ChatUtils.Contract", "ChatUtils.Contract.csproj", "{E4688993-46D1-4873-84DE-370DF6343482}"
EndProject
Project("{FAE04EC0-301F-11D3-BF4B-00C04F79EFBC}") = "ChatUtils.Provider", "..\ChatUtils.Provider\ChatUtils.Provider.csproj", "{1A58F3E9-E163-48B2-81CA-B5C7B0D3A13E}"
EndProject
Global
	GlobalSection(SolutionConfigurationPlatforms) = preSolution
		Debug|Any CPU = Debug|Any CPU
		Release|Any CPU = Release|Any CPU
	EndGlobalSection
	GlobalSection(ProjectConfigurationPlatforms) = postSolution
		{E4688993-46D1-4873-84DE-370DF6343482}.Debug|Any CPU.ActiveCfg = Debug|Any CPU
		{E4688993-46D1-4873-84DE-370DF6343482}.Debug|Any CPU.Build.0 = Debug|Any CPU
		{E4688993-46D1-4873-84DE-370DF6343482}.Release|Any CPU.ActiveCfg = Release|Any CPU
		{E4688993-46D1-4873-84DE-370DF6343482}.Release|Any CPU.Build.0 = Release|Any CPU
		{1A58F3E9-E163-48B2-81CA-B5C7B0D3A13E}.Debug|Any CPU.ActiveCfg = Debug|Any CPU
		{1A58F3E9-E163-48B2-81CA-B5C7B0D3A13E}.Debug|Any CPU.Build.0 = Debug|Any CPU
		{1A58F3E9-E163-48B2-81CA-B5C7B0D3A13E}.Release|Any CPU.ActiveCfg = Release|Any CPU
		{1A58F3E9-E163-48B2-81CA-B5C7B0D3A13E}.Release|Any CPU.Build.0 = Release|Any CPU
	EndGlobalSection
	GlobalSection(SolutionProperties) = preSolution
		HideSolutionNode = FALSE
	EndGlobalSection
	GlobalSection(ExtensibilityGlobals) = postSolution
		SolutionGuid = {3366BD7C-F1E1-4EC6-86B2-A48112BA398B}
	EndGlobalSection
EndGlobal
